<?xml version="1.0" encoding="utf-8"?>
<Project ToolsVersion="4.0" xmlns="http://schemas.microsoft.com/developer/msbuild/2003">
  <ItemGroup>
    <Filter Include="Sandbox2D">
      <UniqueIdentifier>{AA155D3F-1680-11B6-5FBE-C25BCB67EF0A}</UniqueIdentifier>
    </Filter>
    <Filter Include="Sandbox_Model">
      <UniqueIdentifier>{6470BD97-D030-39CE-996B-824B05EB7DAA}</UniqueIdentifier>
    </Filter>
  </ItemGroup>
  <ItemGroup>
    <ClInclude Include="src\Sandbox2D\Sandbox2D.h">
      <Filter>Sandbox2D</Filter>
    </ClInclude>
    <ClInclude Include="src\Sandbox_Model\Sandbox_Model.h">
      <Filter>Sandbox_Model</Filter>
    </ClInclude>
  </ItemGroup>
  <ItemGroup>
    <ClCompile Include="src\Sandbox2D\Sandbox2D.cpp">
      <Filter>Sandbox2D</Filter>
    </ClCompile>
    <ClCompile Include="src\SandboxApp.cpp" />
    <ClCompile Include="src\Sandbox_Model\Sandbox_Model.cpp">
      <Filter>Sandbox_Model</Filter>
    </ClCompile>
  </ItemGroup>
</Project>